
Microsoft Visual Studio Solution File, Format Version 12.00
# Visual Studio Version 16
VisualStudioVersion = 16.0.31911.196
MinimumVisualStudioVersion = 10.0.40219.1
Project("{9A19103F-16F7-4668-BE54-9A1E7A4F7556}") = "Jobberwocky.Api", "Jobberwocky.Service\Jobberwocky.Api.csproj", "{F352C486-5386-4808-9E38-D70B8DDE6D17}"
EndProject
Project("{FAE04EC0-301F-11D3-BF4B-00C04F79EFBC}") = "Jobberwocky.DataAccess", "Jobberwocky.DataAccess\Jobberwocky.DataAccess.csproj", "{24BB577B-E15C-4388-ADF6-D850B5CA9650}"
EndProject
Project("{FAE04EC0-301F-11D3-BF4B-00C04F79EFBC}") = "Jobberwocky.Domain", "Jobberwocky.Domain\Jobberwocky.Domain.csproj", "{F11BDF28-2E03-4314-95F1-7254C1493A18}"
EndProject
Project("{FAE04EC0-301F-11D3-BF4B-00C04F79EFBC}") = "Jobberwocky.Test", "Jobberwocky.Test\Jobberwocky.Test.csproj", "{22FFC73E-4256-4786-B7C9-EFB7CB94B129}"
EndProject
Global
	GlobalSection(SolutionConfigurationPlatforms) = preSolution
		Debug|Any CPU = Debug|Any CPU
		Release|Any CPU = Release|Any CPU
	EndGlobalSection
	GlobalSection(ProjectConfigurationPlatforms) = postSolution
		{F352C486-5386-4808-9E38-D70B8DDE6D17}.Debug|Any CPU.ActiveCfg = Debug|Any CPU
		{F352C486-5386-4808-9E38-D70B8DDE6D17}.Debug|Any CPU.Build.0 = Debug|Any CPU
		{F352C486-5386-4808-9E38-D70B8DDE6D17}.Release|Any CPU.ActiveCfg = Release|Any CPU
		{F352C486-5386-4808-9E38-D70B8DDE6D17}.Release|Any CPU.Build.0 = Release|Any CPU
		{24BB577B-E15C-4388-ADF6-D850B5CA9650}.Debug|Any CPU.ActiveCfg = Debug|Any CPU
		{24BB577B-E15C-4388-ADF6-D850B5CA9650}.Debug|Any CPU.Build.0 = Debug|Any CPU
		{24BB577B-E15C-4388-ADF6-D850B5CA9650}.Release|Any CPU.ActiveCfg = Release|Any CPU
		{24BB577B-E15C-4388-ADF6-D850B5CA9650}.Release|Any CPU.Build.0 = Release|Any CPU
		{F11BDF28-2E03-4314-95F1-7254C1493A18}.Debug|Any CPU.ActiveCfg = Debug|Any CPU
		{F11BDF28-2E03-4314-95F1-7254C1493A18}.Debug|Any CPU.Build.0 = Debug|Any CPU
		{F11BDF28-2E03-4314-95F1-7254C1493A18}.Release|Any CPU.ActiveCfg = Release|Any CPU
		{F11BDF28-2E03-4314-95F1-7254C1493A18}.Release|Any CPU.Build.0 = Release|Any CPU
		{22FFC73E-4256-4786-B7C9-EFB7CB94B129}.Debug|Any CPU.ActiveCfg = Debug|Any CPU
		{22FFC73E-4256-4786-B7C9-EFB7CB94B129}.Debug|Any CPU.Build.0 = Debug|Any CPU
		{22FFC73E-4256-4786-B7C9-EFB7CB94B129}.Release|Any CPU.ActiveCfg = Release|Any CPU
		{22FFC73E-4256-4786-B7C9-EFB7CB94B129}.Release|Any CPU.Build.0 = Release|Any CPU
	EndGlobalSection
	GlobalSection(SolutionProperties) = preSolution
		HideSolutionNode = FALSE
	EndGlobalSection
	GlobalSection(ExtensibilityGlobals) = postSolution
		SolutionGuid = {03D40B7C-A4E7-430A-B268-2BA873AA7515}
	EndGlobalSection
EndGlobal
